
Microsoft Visual Studio Solution File, Format Version 12.00
# Visual Studio Version 16
VisualStudioVersion = 16.0.29326.143
MinimumVisualStudioVersion = 10.0.40219.1
Project("{9A19103F-16F7-4668-BE54-9A1E7A4F7556}") = "ToxiproxyNetCore", "ToxiproxyNetCore\ToxiproxyNetCore.csproj", "{83E4D7A8-D80A-4F60-9BA8-FC8555A12C16}"
EndProject
Project("{FAE04EC0-301F-11D3-BF4B-00C04F79EFBC}") = "ToxiproxyNetCore.Tests", "ToxiproxyNetCore.Tests\ToxiproxyNetCore.Tests.csproj", "{EABFE8B5-924F-48B3-81CB-67FD0C8A8F37}"
EndProject
Global
	GlobalSection(SolutionConfigurationPlatforms) = preSolution
		Debug|Any CPU = Debug|Any CPU
		Release|Any CPU = Release|Any CPU
	EndGlobalSection
	GlobalSection(ProjectConfigurationPlatforms) = postSolution
		{83E4D7A8-D80A-4F60-9BA8-FC8555A12C16}.Debug|Any CPU.ActiveCfg = Debug|Any CPU
		{83E4D7A8-D80A-4F60-9BA8-FC8555A12C16}.Debug|Any CPU.Build.0 = Debug|Any CPU
		{83E4D7A8-D80A-4F60-9BA8-FC8555A12C16}.Release|Any CPU.ActiveCfg = Release|Any CPU
		{83E4D7A8-D80A-4F60-9BA8-FC8555A12C16}.Release|Any CPU.Build.0 = Release|Any CPU
		{EABFE8B5-924F-48B3-81CB-67FD0C8A8F37}.Debug|Any CPU.ActiveCfg = Debug|Any CPU
		{EABFE8B5-924F-48B3-81CB-67FD0C8A8F37}.Debug|Any CPU.Build.0 = Debug|Any CPU
		{EABFE8B5-924F-48B3-81CB-67FD0C8A8F37}.Release|Any CPU.ActiveCfg = Release|Any CPU
		{EABFE8B5-924F-48B3-81CB-67FD0C8A8F37}.Release|Any CPU.Build.0 = Release|Any CPU
	EndGlobalSection
	GlobalSection(SolutionProperties) = preSolution
		HideSolutionNode = FALSE
	EndGlobalSection
	GlobalSection(ExtensibilityGlobals) = postSolution
		SolutionGuid = {7B483B41-09F4-4F09-93CA-69CD5E1350FD}
	EndGlobalSection
EndGlobal
